
Microsoft Visual Studio Solution File, Format Version 12.00
# Visual Studio 15
VisualStudioVersion = 15.0.27004.2009
MinimumVisualStudioVersion = 10.0.40219.1
Project("{FAE04EC0-301F-11D3-BF4B-00C04F79EFBC}") = "JSONParse", "JSONParse\JSONParse.csproj", "{95ADC506-9F51-44E6-A9DD-F3C129CEDBC5}"
EndProject
Global
	GlobalSection(SolutionConfigurationPlatforms) = preSolution
		Debug|Any CPU = Debug|Any CPU
		Release|Any CPU = Release|Any CPU
	EndGlobalSection
	GlobalSection(ProjectConfigurationPlatforms) = postSolution
		{95ADC506-9F51-44E6-A9DD-F3C129CEDBC5}.Debug|Any CPU.ActiveCfg = Debug|Any CPU
		{95ADC506-9F51-44E6-A9DD-F3C129CEDBC5}.Debug|Any CPU.Build.0 = Debug|Any CPU
		{95ADC506-9F51-44E6-A9DD-F3C129CEDBC5}.Release|Any CPU.ActiveCfg = Release|Any CPU
		{95ADC506-9F51-44E6-A9DD-F3C129CEDBC5}.Release|Any CPU.Build.0 = Release|Any CPU
	EndGlobalSection
	GlobalSection(SolutionProperties) = preSolution
		HideSolutionNode = FALSE
	EndGlobalSection
	GlobalSection(ExtensibilityGlobals) = postSolution
		SolutionGuid = {EBF8FC78-70F9-43E7-82F9-4064F99899AB}
	EndGlobalSection
EndGlobal
